
Microsoft Visual Studio Solution File, Format Version 12.00
# Visual Studio 2012
Project("{FAE04EC0-301F-11D3-BF4B-00C04F79EFBC}") = "LengthCaculate", "LengthCaculate\LengthCaculate.csproj", "{16E21F7E-B8FA-45F0-8699-B5FAF1158F23}"
EndProject
Project("{FAE04EC0-301F-11D3-BF4B-00C04F79EFBC}") = "LengthConsoleLab", "LengthConsoleLab\LengthConsoleLab.csproj", "{3598AE11-8BFF-4602-A5D3-89350456AE80}"
EndProject
Global
	GlobalSection(SolutionConfigurationPlatforms) = preSolution
		Debug|Any CPU = Debug|Any CPU
		Release|Any CPU = Release|Any CPU
	EndGlobalSection
	GlobalSection(ProjectConfigurationPlatforms) = postSolution
		{16E21F7E-B8FA-45F0-8699-B5FAF1158F23}.Debug|Any CPU.ActiveCfg = Debug|Any CPU
		{16E21F7E-B8FA-45F0-8699-B5FAF1158F23}.Debug|Any CPU.Build.0 = Debug|Any CPU
		{16E21F7E-B8FA-45F0-8699-B5FAF1158F23}.Release|Any CPU.ActiveCfg = Release|Any CPU
		{16E21F7E-B8FA-45F0-8699-B5FAF1158F23}.Release|Any CPU.Build.0 = Release|Any CPU
		{3598AE11-8BFF-4602-A5D3-89350456AE80}.Debug|Any CPU.ActiveCfg = Debug|Any CPU
		{3598AE11-8BFF-4602-A5D3-89350456AE80}.Debug|Any CPU.Build.0 = Debug|Any CPU
		{3598AE11-8BFF-4602-A5D3-89350456AE80}.Release|Any CPU.ActiveCfg = Release|Any CPU
		{3598AE11-8BFF-4602-A5D3-89350456AE80}.Release|Any CPU.Build.0 = Release|Any CPU
	EndGlobalSection
	GlobalSection(SolutionProperties) = preSolution
		HideSolutionNode = FALSE
	EndGlobalSection
EndGlobal
